
Microsoft Visual Studio Solution File, Format Version 12.00
# Visual Studio Version 16
VisualStudioVersion = 16.0.30907.101
MinimumVisualStudioVersion = 10.0.40219.1
Project("{FAE04EC0-301F-11D3-BF4B-00C04F79EFBC}") = "FormFreeAssessment1", "FormFreeAssessment1\FormFreeAssessment1.csproj", "{2993EBEA-CB5E-43B5-9A12-A80D489B2B55}"
EndProject
Project("{FAE04EC0-301F-11D3-BF4B-00C04F79EFBC}") = "Assessment1Tests", "Assessment1Tests\Assessment1Tests.csproj", "{786973D0-2924-4E3B-835D-46E3223D843A}"
EndProject
Global
	GlobalSection(SolutionConfigurationPlatforms) = preSolution
		Debug|Any CPU = Debug|Any CPU
		Release|Any CPU = Release|Any CPU
	EndGlobalSection
	GlobalSection(ProjectConfigurationPlatforms) = postSolution
		{2993EBEA-CB5E-43B5-9A12-A80D489B2B55}.Debug|Any CPU.ActiveCfg = Debug|Any CPU
		{2993EBEA-CB5E-43B5-9A12-A80D489B2B55}.Debug|Any CPU.Build.0 = Debug|Any CPU
		{2993EBEA-CB5E-43B5-9A12-A80D489B2B55}.Release|Any CPU.ActiveCfg = Release|Any CPU
		{2993EBEA-CB5E-43B5-9A12-A80D489B2B55}.Release|Any CPU.Build.0 = Release|Any CPU
		{786973D0-2924-4E3B-835D-46E3223D843A}.Debug|Any CPU.ActiveCfg = Debug|Any CPU
		{786973D0-2924-4E3B-835D-46E3223D843A}.Debug|Any CPU.Build.0 = Debug|Any CPU
		{786973D0-2924-4E3B-835D-46E3223D843A}.Release|Any CPU.ActiveCfg = Release|Any CPU
		{786973D0-2924-4E3B-835D-46E3223D843A}.Release|Any CPU.Build.0 = Release|Any CPU
	EndGlobalSection
	GlobalSection(SolutionProperties) = preSolution
		HideSolutionNode = FALSE
	EndGlobalSection
	GlobalSection(ExtensibilityGlobals) = postSolution
		SolutionGuid = {652894D0-90DA-4BEC-9A8A-A3F136AB3E6B}
	EndGlobalSection
EndGlobal
